
Microsoft Visual Studio Solution File, Format Version 12.00
# Visual Studio 15
VisualStudioVersion = 15.0.27428.2011
MinimumVisualStudioVersion = 10.0.40219.1
Project("{FAE04EC0-301F-11D3-BF4B-00C04F79EFBC}") = "WebApplication", "WebApplication\WebApplication.csproj", "{1EB890EF-D6E3-47F2-8224-B926A6687B1B}"
EndProject
Project("{E53339B2-1760-4266-BCC7-CA923CBCF16C}") = "docker-compose", "docker-compose.dcproj", "{081411B7-0344-4F36-9A20-695DD7013EE0}"
EndProject
Global
	GlobalSection(SolutionConfigurationPlatforms) = preSolution
		Debug|Any CPU = Debug|Any CPU
		Release|Any CPU = Release|Any CPU
	EndGlobalSection
	GlobalSection(ProjectConfigurationPlatforms) = postSolution
		{1EB890EF-D6E3-47F2-8224-B926A6687B1B}.Debug|Any CPU.ActiveCfg = Debug|Any CPU
		{1EB890EF-D6E3-47F2-8224-B926A6687B1B}.Debug|Any CPU.Build.0 = Debug|Any CPU
		{1EB890EF-D6E3-47F2-8224-B926A6687B1B}.Release|Any CPU.ActiveCfg = Release|Any CPU
		{1EB890EF-D6E3-47F2-8224-B926A6687B1B}.Release|Any CPU.Build.0 = Release|Any CPU
		{081411B7-0344-4F36-9A20-695DD7013EE0}.Debug|Any CPU.ActiveCfg = Debug|Any CPU
		{081411B7-0344-4F36-9A20-695DD7013EE0}.Debug|Any CPU.Build.0 = Debug|Any CPU
		{081411B7-0344-4F36-9A20-695DD7013EE0}.Release|Any CPU.ActiveCfg = Release|Any CPU
		{081411B7-0344-4F36-9A20-695DD7013EE0}.Release|Any CPU.Build.0 = Release|Any CPU
	EndGlobalSection
	GlobalSection(SolutionProperties) = preSolution
		HideSolutionNode = FALSE
	EndGlobalSection
	GlobalSection(ExtensibilityGlobals) = postSolution
		SolutionGuid = {9E483AAB-B50F-4A5C-BB2C-E16822A312C9}
	EndGlobalSection
EndGlobal
